
Microsoft Visual Studio Solution File, Format Version 12.00
# Visual Studio 15
VisualStudioVersion = 15.0.27703.2042
MinimumVisualStudioVersion = 10.0.40219.1
Project("{FAE04EC0-301F-11D3-BF4B-00C04F79EFBC}") = "EFPractice", "EFPractice\EFPractice.csproj", "{3F3B4894-6836-4B61-945A-C489173E708A}"
EndProject
Global
	GlobalSection(SolutionConfigurationPlatforms) = preSolution
		Debug|Any CPU = Debug|Any CPU
		Release|Any CPU = Release|Any CPU
	EndGlobalSection
	GlobalSection(ProjectConfigurationPlatforms) = postSolution
		{3F3B4894-6836-4B61-945A-C489173E708A}.Debug|Any CPU.ActiveCfg = Debug|Any CPU
		{3F3B4894-6836-4B61-945A-C489173E708A}.Debug|Any CPU.Build.0 = Debug|Any CPU
		{3F3B4894-6836-4B61-945A-C489173E708A}.Release|Any CPU.ActiveCfg = Release|Any CPU
		{3F3B4894-6836-4B61-945A-C489173E708A}.Release|Any CPU.Build.0 = Release|Any CPU
	EndGlobalSection
	GlobalSection(SolutionProperties) = preSolution
		HideSolutionNode = FALSE
	EndGlobalSection
	GlobalSection(ExtensibilityGlobals) = postSolution
		SolutionGuid = {3BF74354-D262-4D00-B551-640F04BEC7FE}
	EndGlobalSection
EndGlobal
